// !$*UTF8*$!
{
	archiveVersion = 1;
	classes = {
	};
	objectVersion = 50;
	objects = {

/* Begin PBXBuildFile section */
		236916DB6FED720BB9D23D1B /* Pods_CarLocation.framework in Frameworks */ = {isa = PBXBuildFile; fileRef = AAC16C5AF89DAA3B2B076D57 /* Pods_CarLocation.framework */; };
		9A62A5A222D1ED540045E882 /* SideMenuViewController.swift in Sources */ = {isa = PBXBuildFile; fileRef = 9A62A5A122D1ED540045E882 /* SideMenuViewController.swift */; };
		9ABBB0A422B7E9BE000DF98F /* AppDelegate.swift in Sources */ = {isa = PBXBuildFile; fileRef = 9ABBB0A322B7E9BE000DF98F /* AppDelegate.swift */; };
		9ABBB0A622B7E9BE000DF98F /* ViewController.swift in Sources */ = {isa = PBXBuildFile; fileRef = 9ABBB0A522B7E9BE000DF98F /* ViewController.swift */; };
		9ABBB0A922B7E9BE000DF98F /* Main.storyboard in Resources */ = {isa = PBXBuildFile; fileRef = 9ABBB0A722B7E9BE000DF98F /* Main.storyboard */; };
		9ABBB0AB22B7E9BF000DF98F /* Assets.xcassets in Resources */ = {isa = PBXBuildFile; fileRef = 9ABBB0AA22B7E9BF000DF98F /* Assets.xcassets */; };
		9ABBB0AE22B7E9BF000DF98F /* LaunchScreen.storyboard in Resources */ = {isa = PBXBuildFile; fileRef = 9ABBB0AC22B7E9BF000DF98F /* LaunchScreen.storyboard */; };
		9AEF89C022CF21CD009EEF10 /* GoogleService-Info.plist in Resources */ = {isa = PBXBuildFile; fileRef = 9AEF89BF22CF21CD009EEF10 /* GoogleService-Info.plist */; };
/* End PBXBuildFile section */

/* Begin PBXFileReference section */
		77D38E7B987751D07F10BF9C /* Pods-CarLocation.debug.xcconfig */ = {isa = PBXFileReference; includeInIndex = 1; lastKnownFileType = text.xcconfig; name = "Pods-CarLocation.debug.xcconfig"; path = "Pods/Target Support Files/Pods-CarLocation/Pods-CarLocation.debug.xcconfig"; sourceTree = "<group>"; };
		7E4BE62763E2E0C113DFD7C0 /* Pods-CarLocation.release.xcconfig */ = {isa = PBXFileReference; includeInIndex = 1; lastKnownFileType = text.xcconfig; name = "Pods-CarLocation.release.xcconfig"; path = "Pods/Target Support Files/Pods-CarLocation/Pods-CarLocation.release.xcconfig"; sourceTree = "<group>"; };
		9A62A5A122D1ED540045E882 /* SideMenuViewController.swift */ = {isa = PBXFileReference; lastKnownFileType = sourcecode.swift; path = SideMenuViewController.swift; sourceTree = "<group>"; };
		9ABBB0A022B7E9BE000DF98F /* CarLocation.app */ = {isa = PBXFileReference; explicitFileType = wrapper.application; includeInIndex = 0; path = CarLocation.app; sourceTree = BUILT_PRODUCTS_DIR; };
		9ABBB0A322B7E9BE000DF98F /* AppDelegate.swift */ = {isa = PBXFileReference; lastKnownFileType = sourcecode.swift; path = AppDelegate.swift; sourceTree = "<group>"; };
		9ABBB0A522B7E9BE000DF98F /* ViewController.swift */ = {isa = PBXFileReference; lastKnownFileType = sourcecode.swift; path = ViewController.swift; sourceTree = "<group>"; };
		9ABBB0A822B7E9BE000DF98F /* Base */ = {isa = PBXFileReference; lastKnownFileType = file.storyboard; name = Base; path = Base.lproj/Main.storyboard; sourceTree = "<group>"; };
		9ABBB0AA22B7E9BF000DF98F /* Assets.xcassets */ = {isa = PBXFileReference; lastKnownFileType = folder.assetcatalog; path = Assets.xcassets; sourceTree = "<group>"; };
		9ABBB0AD22B7E9BF000DF98F /* Base */ = {isa = PBXFileReference; lastKnownFileType = file.storyboard; name = Base; path = Base.lproj/LaunchScreen.storyboard; sourceTree = "<group>"; };
		9ABBB0AF22B7E9BF000DF98F /* Info.plist */ = {isa = PBXFileReference; lastKnownFileType = text.plist.xml; path = Info.plist; sourceTree = "<group>"; };
		9ADF58AE22D1CEDD00824773 /* Font Awesome 5 Free-Solid-900.otf */ = {isa = PBXFileReference; lastKnownFileType = file; path = "Font Awesome 5 Free-Solid-900.otf"; sourceTree = "<group>"; };
		9ADF58AF22D1CEDE00824773 /* Font Awesome 5 Brands-Regular-400.otf */ = {isa = PBXFileReference; lastKnownFileType = file; path = "Font Awesome 5 Brands-Regular-400.otf"; sourceTree = "<group>"; };
		9ADF58B022D1CEDE00824773 /* Font Awesome 5 Free-Regular-400.otf */ = {isa = PBXFileReference; lastKnownFileType = file; path = "Font Awesome 5 Free-Regular-400.otf"; sourceTree = "<group>"; };
		9AEF89BF22CF21CD009EEF10 /* GoogleService-Info.plist */ = {isa = PBXFileReference; fileEncoding = 4; lastKnownFileType = text.plist.xml; path = "GoogleService-Info.plist"; sourceTree = SOURCE_ROOT; };
		AAC16C5AF89DAA3B2B076D57 /* Pods_CarLocation.framework */ = {isa = PBXFileReference; explicitFileType = wrapper.framework; includeInIndex = 0; path = Pods_CarLocation.framework; sourceTree = BUILT_PRODUCTS_DIR; };
/* End PBXFileReference section */

/* Begin PBXFrameworksBuildPhase section */
		9ABBB09D22B7E9BE000DF98F /* Frameworks */ = {
			isa = PBXFrameworksBuildPhase;
			buildActionMask = 2147483647;
			files = (
				236916DB6FED720BB9D23D1B /* Pods_CarLocation.framework in Frameworks */,
			);
			runOnlyForDeploymentPostprocessing = 0;
		};
/* End PBXFrameworksBuildPhase section */

/* Begin PBXGroup section */
		7D2BF092FF95DBD7ECFDB6C4 /* Frameworks */ = {
			isa = PBXGroup;
			children = (
				AAC16C5AF89DAA3B2B076D57 /* Pods_CarLocation.framework */,
			);
			name = Frameworks;
			sourceTree = "<group>";
		};
		9ABBB09722B7E9BE000DF98F = {
			isa = PBXGroup;
			children = (
				9ABBB0A222B7E9BE000DF98F /* CarLocation */,
				9ABBB0A122B7E9BE000DF98F /* Products */,
				DCE33969940F84CA0670D158 /* Pods */,
				7D2BF092FF95DBD7ECFDB6C4 /* Frameworks */,
			);
			sourceTree = "<group>";
		};
		9ABBB0A122B7E9BE000DF98F /* Products */ = {
			isa = PBXGroup;
			children = (
				9ABBB0A022B7E9BE000DF98F /* CarLocation.app */,
			);
			name = Products;
			sourceTree = "<group>";
		};
		9ABBB0A222B7E9BE000DF98F /* CarLocation */ = {
			isa = PBXGroup;
			children = (
				9ABBB0A322B7E9BE000DF98F /* AppDelegate.swift */,
				9ABBB0A522B7E9BE000DF98F /* ViewController.swift */,
				9A62A5A122D1ED540045E882 /* SideMenuViewController.swift */,
				9ABBB0A722B7E9BE000DF98F /* Main.storyboard */,
				9ABBB0AA22B7E9BF000DF98F /* Assets.xcassets */,
				9ABBB0AC22B7E9BF000DF98F /* LaunchScreen.storyboard */,
				9ADF58AF22D1CEDE00824773 /* Font Awesome 5 Brands-Regular-400.otf */,
				9ADF58B022D1CEDE00824773 /* Font Awesome 5 Free-Regular-400.otf */,
				9ADF58AE22D1CEDD00824773 /* Font Awesome 5 Free-Solid-900.otf */,
				9ABBB0AF22B7E9BF000DF98F /* Info.plist */,
				9AEF89BF22CF21CD009EEF10 /* GoogleService-Info.plist */,
			);
			path = CarLocation;
			sourceTree = "<group>";
		};
		DCE33969940F84CA0670D158 /* Pods */ = {
			isa = PBXGroup;
			children = (
				77D38E7B987751D07F10BF9C /* Pods-CarLocation.debug.xcconfig */,
				7E4BE62763E2E0C113DFD7C0 /* Pods-CarLocation.release.xcconfig */,
			);
			name = Pods;
			sourceTree = "<group>";
		};
/* End PBXGroup section */

/* Begin PBXNativeTarget section */
		9ABBB09F22B7E9BE000DF98F /* CarLocation */ = {
			isa = PBXNativeTarget;
			buildConfigurationList = 9ABBB0B222B7E9BF000DF98F /* Build configuration list for PBXNativeTarget "CarLocation" */;
			buildPhases = (
				607391FA61EBC5C1AEB06EE4 /* [CP] Check Pods Manifest.lock */,
				9ABBB09C22B7E9BE000DF98F /* Sources */,
				9ABBB09D22B7E9BE000DF98F /* Frameworks */,
				9ABBB09E22B7E9BE000DF98F /* Resources */,
				A28BA0521820458C25521C5F /* [CP] Copy Pods Resources */,
				C3CAA80992EDAAC60DBBDE93 /* [CP] Embed Pods Frameworks */,
			);
			buildRules = (
			);
			dependencies = (
			);
			name = CarLocation;
			productName = CarLocation;
			productReference = 9ABBB0A022B7E9BE000DF98F /* CarLocation.app */;
			productType = "com.apple.product-type.application";
		};
/* End PBXNativeTarget section */

/* Begin PBXProject section */
		9ABBB09822B7E9BE000DF98F /* Project object */ = {
			isa = PBXProject;
			attributes = {
				LastSwiftUpdateCheck = 1020;
				LastUpgradeCheck = 1020;
				ORGANIZATIONNAME = yoshinofumiya;
				TargetAttributes = {
					9ABBB09F22B7E9BE000DF98F = {
						CreatedOnToolsVersion = 10.2.1;
					};
				};
			};
			buildConfigurationList = 9ABBB09B22B7E9BE000DF98F /* Build configuration list for PBXProject "CarLocation" */;
			compatibilityVersion = "Xcode 9.3";
			developmentRegion = en;
			hasScannedForEncodings = 0;
			knownRegions = (
				en,
				Base,
			);
			mainGroup = 9ABBB09722B7E9BE000DF98F;
			productRefGroup = 9ABBB0A122B7E9BE000DF98F /* Products */;
			projectDirPath = "";
			projectRoot = "";
			targets = (
				9ABBB09F22B7E9BE000DF98F /* CarLocation */,
			);
		};
/* End PBXProject section */

/* Begin PBXResourcesBuildPhase section */
		9ABBB09E22B7E9BE000DF98F /* Resources */ = {
			isa = PBXResourcesBuildPhase;
			buildActionMask = 2147483647;
			files = (
				9ABBB0AE22B7E9BF000DF98F /* LaunchScreen.storyboard in Resources */,
				9AEF89C022CF21CD009EEF10 /* GoogleService-Info.plist in Resources */,
				9ABBB0AB22B7E9BF000DF98F /* Assets.xcassets in Resources */,
				9ABBB0A922B7E9BE000DF98F /* Main.storyboard in Resources */,
			);
			runOnlyForDeploymentPostprocessing = 0;
		};
/* End PBXResourcesBuildPhase section */

/* Begin PBXShellScriptBuildPhase section */
		607391FA61EBC5C1AEB06EE4 /* [CP] Check Pods Manifest.lock */ = {
			isa = PBXShellScriptBuildPhase;
			buildActionMask = 2147483647;
			files = (
			);
			inputFileListPaths = (
			);
			inputPaths = (
				"${PODS_PODFILE_DIR_PATH}/Podfile.lock",
				"${PODS_ROOT}/Manifest.lock",
			);
			name = "[CP] Check Pods Manifest.lock";
			outputFileListPaths = (
			);
			outputPaths = (
				"$(DERIVED_FILE_DIR)/Pods-CarLocation-checkManifestLockResult.txt",
			);
			runOnlyForDeploymentPostprocessing = 0;
			shellPath = /bin/sh;
			shellScript = "diff \"${PODS_PODFILE_DIR_PATH}/Podfile.lock\" \"${PODS_ROOT}/Manifest.lock\" > /dev/null\nif [ $? != 0 ] ; then\n    # print error to STDERR\n    echo \"error: The sandbox is not in sync with the Podfile.lock. Run 'pod install' or update your CocoaPods installation.\" >&2\n    exit 1\nfi\n# This output is used by Xcode 'outputs' to avoid re-running this script phase.\necho \"SUCCESS\" > \"${SCRIPT_OUTPUT_FILE_0}\"\n";
			showEnvVarsInLog = 0;
		};
		A28BA0521820458C25521C5F /* [CP] Copy Pods Resources */ = {
			isa = PBXShellScriptBuildPhase;
			buildActionMask = 2147483647;
			files = (
			);
			inputFileListPaths = (
			);
			inputPaths = (
				"${SRCROOT}/Pods/Target Support Files/Pods-CarLocation/Pods-CarLocation-resources.sh",
				"${PODS_ROOT}/GoogleMaps/Maps/Frameworks/GoogleMaps.framework/Resources/GoogleMaps.bundle",
				"${PODS_ROOT}/GooglePlaces/Frameworks/GooglePlaces.framework/Resources/GooglePlaces.bundle",
			);
			name = "[CP] Copy Pods Resources";
			outputFileListPaths = (
			);
			outputPaths = (
				"${TARGET_BUILD_DIR}/${UNLOCALIZED_RESOURCES_FOLDER_PATH}/GoogleMaps.bundle",
				"${TARGET_BUILD_DIR}/${UNLOCALIZED_RESOURCES_FOLDER_PATH}/GooglePlaces.bundle",
			);
			runOnlyForDeploymentPostprocessing = 0;
			shellPath = /bin/sh;
			shellScript = "\"${SRCROOT}/Pods/Target Support Files/Pods-CarLocation/Pods-CarLocation-resources.sh\"\n";
			showEnvVarsInLog = 0;
		};
		C3CAA80992EDAAC60DBBDE93 /* [CP] Embed Pods Frameworks */ = {
			isa = PBXShellScriptBuildPhase;
			buildActionMask = 2147483647;
			files = (
			);
			inputFileListPaths = (
			);
			inputPaths = (
				"${SRCROOT}/Pods/Target Support Files/Pods-CarLocation/Pods-CarLocation-frameworks.sh",
				"${BUILT_PRODUCTS_DIR}/BoringSSL-GRPC/openssl_grpc.framework",
				"${BUILT_PRODUCTS_DIR}/FontAwesome.swift/FontAwesome_swift.framework",
				"${BUILT_PRODUCTS_DIR}/GoogleUtilities/GoogleUtilities.framework",
				"${BUILT_PRODUCTS_DIR}/Protobuf/Protobuf.framework",
				"${BUILT_PRODUCTS_DIR}/gRPC-C++/grpcpp.framework",
				"${BUILT_PRODUCTS_DIR}/gRPC-Core/grpc.framework",
				"${BUILT_PRODUCTS_DIR}/leveldb-library/leveldb.framework",
				"${BUILT_PRODUCTS_DIR}/nanopb/nanopb.framework",
			);
			name = "[CP] Embed Pods Frameworks";
			outputFileListPaths = (
			);
			outputPaths = (
				"${TARGET_BUILD_DIR}/${FRAMEWORKS_FOLDER_PATH}/openssl_grpc.framework",
				"${TARGET_BUILD_DIR}/${FRAMEWORKS_FOLDER_PATH}/FontAwesome_swift.framework",
				"${TARGET_BUILD_DIR}/${FRAMEWORKS_FOLDER_PATH}/GoogleUtilities.framework",
				"${TARGET_BUILD_DIR}/${FRAMEWORKS_FOLDER_PATH}/Protobuf.framework",
				"${TARGET_BUILD_DIR}/${FRAMEWORKS_FOLDER_PATH}/grpcpp.framework",
				"${TARGET_BUILD_DIR}/${FRAMEWORKS_FOLDER_PATH}/grpc.framework",
				"${TARGET_BUILD_DIR}/${FRAMEWORKS_FOLDER_PATH}/leveldb.framework",
				"${TARGET_BUILD_DIR}/${FRAMEWORKS_FOLDER_PATH}/nanopb.framework",
			);
			runOnlyForDeploymentPostprocessing = 0;
			shellPath = /bin/sh;
			shellScript = "\"${SRCROOT}/Pods/Target Support Files/Pods-CarLocation/Pods-CarLocation-frameworks.sh\"\n";
			showEnvVarsInLog = 0;
		};
/* End PBXShellScriptBuildPhase section */

/* Begin PBXSourcesBuildPhase section */
		9ABBB09C22B7E9BE000DF98F /* Sources */ = {
			isa = PBXSourcesBuildPhase;
			buildActionMask = 2147483647;
			files = (
				9ABBB0A622B7E9BE000DF98F /* ViewController.swift in Sources */,
				9A62A5A222D1ED540045E882 /* SideMenuViewController.swift in Sources */,
				9ABBB0A422B7E9BE000DF98F /* AppDelegate.swift in Sources */,
			);
			runOnlyForDeploymentPostprocessing = 0;
		};
/* End PBXSourcesBuildPhase section */

/* Begin PBXVariantGroup section */
		9ABBB0A722B7E9BE000DF98F /* Main.storyboard */ = {
			isa = PBXVariantGroup;
			children = (
				9ABBB0A822B7E9BE000DF98F /* Base */,
			);
			name = Main.storyboard;
			sourceTree = "<group>";
		};
		9ABBB0AC22B7E9BF000DF98F /* LaunchScreen.storyboard */ = {
			isa = PBXVariantGroup;
			children = (
				9ABBB0AD22B7E9BF000DF98F /* Base */,
			);
			name = LaunchScreen.storyboard;
			sourceTree = "<group>";
		};
/* End PBXVariantGroup section */

/* Begin XCBuildConfiguration section */
		9ABBB0B022B7E9BF000DF98F /* Debug */ = {
			isa = XCBuildConfiguration;
			buildSettings = {
				ALWAYS_SEARCH_USER_PATHS = NO;
				CLANG_ANALYZER_NONNULL = YES;
				CLANG_ANALYZER_NUMBER_OBJECT_CONVERSION = YES_AGGRESSIVE;
				CLANG_CXX_LANGUAGE_STANDARD = "gnu++14";
				CLANG_CXX_LIBRARY = "libc++";
				CLANG_ENABLE_MODULES = YES;
				CLANG_ENABLE_OBJC_ARC = YES;
				CLANG_ENABLE_OBJC_WEAK = YES;
				CLANG_WARN_BLOCK_CAPTURE_AUTORELEASING = YES;
				CLANG_WARN_BOOL_CONVERSION = YES;
				CLANG_WARN_COMMA = YES;
				CLANG_WARN_CONSTANT_CONVERSION = YES;
				CLANG_WARN_DEPRECATED_OBJC_IMPLEMENTATIONS = YES;
				CLANG_WARN_DIRECT_OBJC_ISA_USAGE = YES_ERROR;
				CLANG_WARN_DOCUMENTATION_COMMENTS = YES;
				CLANG_WARN_EMPTY_BODY = YES;
				CLANG_WARN_ENUM_CONVERSION = YES;
				CLANG_WARN_INFINITE_RECURSION = YES;
				CLANG_WARN_INT_CONVERSION = YES;
				CLANG_WARN_NON_LITERAL_NULL_CONVERSION = YES;
				CLANG_WARN_OBJC_IMPLICIT_RETAIN_SELF = YES;
				CLANG_WARN_OBJC_LITERAL_CONVERSION = YES;
				CLANG_WARN_OBJC_ROOT_CLASS = YES_ERROR;
				CLANG_WARN_RANGE_LOOP_ANALYSIS = YES;
				CLANG_WARN_STRICT_PROTOTYPES = YES;
				CLANG_WARN_SUSPICIOUS_MOVE = YES;
				CLANG_WARN_UNGUARDED_AVAILABILITY = YES_AGGRESSIVE;
				CLANG_WARN_UNREACHABLE_CODE = YES;
				CLANG_WARN__DUPLICATE_METHOD_MATCH = YES;
				CODE_SIGN_IDENTITY = "iPhone Developer";
				COPY_PHASE_STRIP = NO;
				DEBUG_INFORMATION_FORMAT = dwarf;
				ENABLE_STRICT_OBJC_MSGSEND = YES;
				ENABLE_TESTABILITY = YES;
				GCC_C_LANGUAGE_STANDARD = gnu11;
				GCC_DYNAMIC_NO_PIC = NO;
				GCC_NO_COMMON_BLOCKS = YES;
				GCC_OPTIMIZATION_LEVEL = 0;
				GCC_PREPROCESSOR_DEFINITIONS = (
					"DEBUG=1",
					"$(inherited)",
				);
				GCC_WARN_64_TO_32_BIT_CONVERSION = YES;
				GCC_WARN_ABOUT_RETURN_TYPE = YES_ERROR;
				GCC_WARN_UNDECLARED_SELECTOR = YES;
				GCC_WARN_UNINITIALIZED_AUTOS = YES_AGGRESSIVE;
				GCC_WARN_UNUSED_FUNCTION = YES;
				GCC_WARN_UNUSED_VARIABLE = YES;
				IPHONEOS_DEPLOYMENT_TARGET = 12.2;
				MTL_ENABLE_DEBUG_INFO = INCLUDE_SOURCE;
				MTL_FAST_MATH = YES;
				ONLY_ACTIVE_ARCH = YES;
				SDKROOT = iphoneos;
				SWIFT_ACTIVE_COMPILATION_CONDITIONS = DEBUG;
				SWIFT_OPTIMIZATION_LEVEL = "-Onone";
			};
			name = Debug;
		};
		9ABBB0B122B7E9BF000DF98F /* Release */ = {
			isa = XCBuildConfiguration;
			buildSettings = {
				ALWAYS_SEARCH_USER_PATHS = NO;
				CLANG_ANALYZER_NONNULL = YES;
				CLANG_ANALYZER_NUMBER_OBJECT_CONVERSION = YES_AGGRESSIVE;
				CLANG_CXX_LANGUAGE_STANDARD = "gnu++14";
				CLANG_CXX_LIBRARY = "libc++";
				CLANG_ENABLE_MODULES = YES;
				CLANG_ENABLE_OBJC_ARC = YES;
				CLANG_ENABLE_OBJC_WEAK = YES;
				CLANG_WARN_BLOCK_CAPTURE_AUTORELEASING = YES;
				CLANG_WARN_BOOL_CONVERSION = YES;
				CLANG_WARN_COMMA = YES;
				CLANG_WARN_CONSTANT_CONVERSION = YES;
				CLANG_WARN_DEPRECATED_OBJC_IMPLEMENTATIONS = YES;
				CLANG_WARN_DIRECT_OBJC_ISA_USAGE = YES_ERROR;
				CLANG_WARN_DOCUMENTATION_COMMENTS = YES;
				CLANG_WARN_EMPTY_BODY = YES;
				CLANG_WARN_ENUM_CONVERSION = YES;
				CLANG_WARN_INFINITE_RECURSION = YES;
				CLANG_WARN_INT_CONVERSION = YES;
				CLANG_WARN_NON_LITERAL_NULL_CONVERSION = YES;
				CLANG_WARN_OBJC_IMPLICIT_RETAIN_SELF = YES;
				CLANG_WARN_OBJC_LITERAL_CONVERSION = YES;
				CLANG_WARN_OBJC_ROOT_CLASS = YES_ERROR;
				CLANG_WARN_RANGE_LOOP_ANALYSIS = YES;
				CLANG_WARN_STRICT_PROTOTYPES = YES;
				CLANG_WARN_SUSPICIOUS_MOVE = YES;
				CLANG_WARN_UNGUARDED_AVAILABILITY = YES_AGGRESSIVE;
				CLANG_WARN_UNREACHABLE_CODE = YES;
				CLANG_WARN__DUPLICATE_METHOD_MATCH = YES;
				CODE_SIGN_IDENTITY = "iPhone Developer";
				COPY_PHASE_STRIP = NO;
				DEBUG_INFORMATION_FORMAT = "dwarf-with-dsym";
				ENABLE_NS_ASSERTIONS = NO;
				ENABLE_STRICT_OBJC_MSGSEND = YES;
				GCC_C_LANGUAGE_STANDARD = gnu11;
				GCC_NO_COMMON_BLOCKS = YES;
				GCC_WARN_64_TO_32_BIT_CONVERSION = YES;
				GCC_WARN_ABOUT_RETURN_TYPE = YES_ERROR;
				GCC_WARN_UNDECLARED_SELECTOR = YES;
				GCC_WARN_UNINITIALIZED_AUTOS = YES_AGGRESSIVE;
				GCC_WARN_UNUSED_FUNCTION = YES;
				GCC_WARN_UNUSED_VARIABLE = YES;
				IPHONEOS_DEPLOYMENT_TARGET = 12.2;
				MTL_ENABLE_DEBUG_INFO = NO;
				MTL_FAST_MATH = YES;
				SDKROOT = iphoneos;
				SWIFT_COMPILATION_MODE = wholemodule;
				SWIFT_OPTIMIZATION_LEVEL = "-O";
				VALIDATE_PRODUCT = YES;
			};
			name = Release;
		};
		9ABBB0B322B7E9BF000DF98F /* Debug */ = {
			isa = XCBuildConfiguration;
			baseConfigurationReference = 77D38E7B987751D07F10BF9C /* Pods-CarLocation.debug.xcconfig */;
			buildSettings = {
				ASSETCATALOG_COMPILER_APPICON_NAME = AppIcon;
				CODE_SIGN_STYLE = Automatic;
				DEVELOPMENT_TEAM = M35Y9MHDZC;
				INFOPLIST_FILE = CarLocation/Info.plist;
				LD_RUNPATH_SEARCH_PATHS = (
					"$(inherited)",
					"@executable_path/Frameworks",
				);
				PRODUCT_BUNDLE_IDENTIFIER = com.yoshinofumiya.CarLocation;
				PRODUCT_NAME = "$(TARGET_NAME)";
				SWIFT_VERSION = 5.0;
				TARGETED_DEVICE_FAMILY = "1,2";
			};
			name = Debug;
		};
		9ABBB0B422B7E9BF000DF98F /* Release */ = {
			isa = XCBuildConfiguration;
			baseConfigurationReference = 7E4BE62763E2E0C113DFD7C0 /* Pods-CarLocation.release.xcconfig */;
			buildSettings = {
				ASSETCATALOG_COMPILER_APPICON_NAME = AppIcon;
				CODE_SIGN_STYLE = Automatic;
				DEVELOPMENT_TEAM = M35Y9MHDZC;
				INFOPLIST_FILE = CarLocation/Info.plist;
				LD_RUNPATH_SEARCH_PATHS = (
					"$(inherited)",
					"@executable_path/Frameworks",
				);
				PRODUCT_BUNDLE_IDENTIFIER = com.yoshinofumiya.CarLocation;
				PRODUCT_NAME = "$(TARGET_NAME)";
				SWIFT_VERSION = 5.0;
				TARGETED_DEVICE_FAMILY = "1,2";
			};
			name = Release;
		};
/* End XCBuildConfiguration section */

/* Begin XCConfigurationList section */
		9ABBB09B22B7E9BE000DF98F /* Build configuration list for PBXProject "CarLocation" */ = {
			isa = XCConfigurationList;
			buildConfigurations = (
				9ABBB0B022B7E9BF000DF98F /* Debug */,
				9ABBB0B122B7E9BF000DF98F /* Release */,
			);
			defaultConfigurationIsVisible = 0;
			defaultConfigurationName = Release;
		};
		9ABBB0B222B7E9BF000DF98F /* Build configuration list for PBXNativeTarget "CarLocation" */ = {
			isa = XCConfigurationList;
			buildConfigurations = (
				9ABBB0B322B7E9BF000DF98F /* Debug */,
				9ABBB0B422B7E9BF000DF98F /* Release */,
			);
			defaultConfigurationIsVisible = 0;
			defaultConfigurationName = Release;
		};
/* End XCConfigurationList section */
	};
	rootObject = 9ABBB09822B7E9BE000DF98F /* Project object */;
}
